{
  "requires": true,
  "lockfileVersion": 1,
  "dependencies": {
    "echarts-liquidfill": {
      "version": "3.1.0",
      "resolved": "https://registry.npmjs.org/echarts-liquidfill/-/echarts-liquidfill-3.1.0.tgz",
      "integrity": "sha512-5Dlqs/jTsdTUAsd+K5LPLLTgrbbNORUSBQyk8PSy1Mg2zgHDWm83FmvA4s0ooNepCJojFYRITTQ4GU1UUSKYLw=="
    }
  }
}
